
Microsoft Visual Studio Solution File, Format Version 12.00
# Visual Studio Version 17
VisualStudioVersion = 17.3.32819.101
MinimumVisualStudioVersion = 10.0.40219.1
Project("{9A19103F-16F7-4668-BE54-9A1E7A4F7556}") = "Specification", "DesignPatterns\Specification.csproj", "{5F8E708B-5A13-46B4-BF4A-F4F5FE0FC2C4}"
EndProject
Project("{9A19103F-16F7-4668-BE54-9A1E7A4F7556}") = "Builder", "ConsoleApp1\Builder.csproj", "{77B241ED-E426-4CC7-B2A6-B041BF0DC50C}"
EndProject
Project("{9A19103F-16F7-4668-BE54-9A1E7A4F7556}") = "AbstractFactory", "Factory\AbstractFactory.csproj", "{26E96476-4864-4CAB-8601-CA3F284EC0D2}"
EndProject
Project("{9A19103F-16F7-4668-BE54-9A1E7A4F7556}") = "Adapter", "Adapter\Adapter.csproj", "{D919C5D3-B12E-4AD8-BF0A-67F8BBB08EDD}"
EndProject
Project("{9A19103F-16F7-4668-BE54-9A1E7A4F7556}") = "Bridge", "Bridge\Bridge.csproj", "{8F53DB28-2D1E-4488-B49A-C6D61B9EE264}"
EndProject
Project("{9A19103F-16F7-4668-BE54-9A1E7A4F7556}") = "_Decorator", "_Decorator\_Decorator.csproj", "{B4291012-ABFB-4314-898C-9C912FD2376D}"
EndProject
Project("{9A19103F-16F7-4668-BE54-9A1E7A4F7556}") = "Composite", "Composite\Composite.csproj", "{05DEB1F6-4483-4772-B626-95C13C093C98}"
EndProject
Project("{FAE04EC0-301F-11D3-BF4B-00C04F79EFBC}") = "_Strategy", "_Strategy\_Strategy.csproj", "{0BE99C33-6300-47B4-8D54-F779C005C238}"
EndProject
Project("{FAE04EC0-301F-11D3-BF4B-00C04F79EFBC}") = "TemplateMethod", "TemplateMethod\TemplateMethod.csproj", "{CDB1DC3D-6D2D-4D2C-B933-CDA286C75673}"
EndProject
Project("{FAE04EC0-301F-11D3-BF4B-00C04F79EFBC}") = "Mediator", "Mediator\Mediator.csproj", "{3D21EDF0-F584-46CD-8A38-6D90AC9B8553}"
EndProject
Global
	GlobalSection(SolutionConfigurationPlatforms) = preSolution
		Debug|Any CPU = Debug|Any CPU
		Debug|x64 = Debug|x64
		Debug|x86 = Debug|x86
		Release|Any CPU = Release|Any CPU
		Release|x64 = Release|x64
		Release|x86 = Release|x86
	EndGlobalSection
	GlobalSection(ProjectConfigurationPlatforms) = postSolution
		{5F8E708B-5A13-46B4-BF4A-F4F5FE0FC2C4}.Debug|Any CPU.ActiveCfg = Debug|Any CPU
		{5F8E708B-5A13-46B4-BF4A-F4F5FE0FC2C4}.Debug|Any CPU.Build.0 = Debug|Any CPU
		{5F8E708B-5A13-46B4-BF4A-F4F5FE0FC2C4}.Debug|x64.ActiveCfg = Debug|Any CPU
		{5F8E708B-5A13-46B4-BF4A-F4F5FE0FC2C4}.Debug|x64.Build.0 = Debug|Any CPU
		{5F8E708B-5A13-46B4-BF4A-F4F5FE0FC2C4}.Debug|x86.ActiveCfg = Debug|Any CPU
		{5F8E708B-5A13-46B4-BF4A-F4F5FE0FC2C4}.Debug|x86.Build.0 = Debug|Any CPU
		{5F8E708B-5A13-46B4-BF4A-F4F5FE0FC2C4}.Release|Any CPU.ActiveCfg = Release|Any CPU
		{5F8E708B-5A13-46B4-BF4A-F4F5FE0FC2C4}.Release|Any CPU.Build.0 = Release|Any CPU
		{5F8E708B-5A13-46B4-BF4A-F4F5FE0FC2C4}.Release|x64.ActiveCfg = Release|Any CPU
		{5F8E708B-5A13-46B4-BF4A-F4F5FE0FC2C4}.Release|x64.Build.0 = Release|Any CPU
		{5F8E708B-5A13-46B4-BF4A-F4F5FE0FC2C4}.Release|x86.ActiveCfg = Release|Any CPU
		{5F8E708B-5A13-46B4-BF4A-F4F5FE0FC2C4}.Release|x86.Build.0 = Release|Any CPU
		{77B241ED-E426-4CC7-B2A6-B041BF0DC50C}.Debug|Any CPU.ActiveCfg = Debug|Any CPU
		{77B241ED-E426-4CC7-B2A6-B041BF0DC50C}.Debug|Any CPU.Build.0 = Debug|Any CPU
		{77B241ED-E426-4CC7-B2A6-B041BF0DC50C}.Debug|x64.ActiveCfg = Debug|Any CPU
		{77B241ED-E426-4CC7-B2A6-B041BF0DC50C}.Debug|x64.Build.0 = Debug|Any CPU
		{77B241ED-E426-4CC7-B2A6-B041BF0DC50C}.Debug|x86.ActiveCfg = Debug|Any CPU
		{77B241ED-E426-4CC7-B2A6-B041BF0DC50C}.Debug|x86.Build.0 = Debug|Any CPU
		{77B241ED-E426-4CC7-B2A6-B041BF0DC50C}.Release|Any CPU.ActiveCfg = Release|Any CPU
		{77B241ED-E426-4CC7-B2A6-B041BF0DC50C}.Release|Any CPU.Build.0 = Release|Any CPU
		{77B241ED-E426-4CC7-B2A6-B041BF0DC50C}.Release|x64.ActiveCfg = Release|Any CPU
		{77B241ED-E426-4CC7-B2A6-B041BF0DC50C}.Release|x64.Build.0 = Release|Any CPU
		{77B241ED-E426-4CC7-B2A6-B041BF0DC50C}.Release|x86.ActiveCfg = Release|Any CPU
		{77B241ED-E426-4CC7-B2A6-B041BF0DC50C}.Release|x86.Build.0 = Release|Any CPU
		{26E96476-4864-4CAB-8601-CA3F284EC0D2}.Debug|Any CPU.ActiveCfg = Debug|Any CPU
		{26E96476-4864-4CAB-8601-CA3F284EC0D2}.Debug|Any CPU.Build.0 = Debug|Any CPU
		{26E96476-4864-4CAB-8601-CA3F284EC0D2}.Debug|x64.ActiveCfg = Debug|Any CPU
		{26E96476-4864-4CAB-8601-CA3F284EC0D2}.Debug|x64.Build.0 = Debug|Any CPU
		{26E96476-4864-4CAB-8601-CA3F284EC0D2}.Debug|x86.ActiveCfg = Debug|Any CPU
		{26E96476-4864-4CAB-8601-CA3F284EC0D2}.Debug|x86.Build.0 = Debug|Any CPU
		{26E96476-4864-4CAB-8601-CA3F284EC0D2}.Release|Any CPU.ActiveCfg = Release|Any CPU
		{26E96476-4864-4CAB-8601-CA3F284EC0D2}.Release|Any CPU.Build.0 = Release|Any CPU
		{26E96476-4864-4CAB-8601-CA3F284EC0D2}.Release|x64.ActiveCfg = Release|Any CPU
		{26E96476-4864-4CAB-8601-CA3F284EC0D2}.Release|x64.Build.0 = Release|Any CPU
		{26E96476-4864-4CAB-8601-CA3F284EC0D2}.Release|x86.ActiveCfg = Release|Any CPU
		{26E96476-4864-4CAB-8601-CA3F284EC0D2}.Release|x86.Build.0 = Release|Any CPU
		{D919C5D3-B12E-4AD8-BF0A-67F8BBB08EDD}.Debug|Any CPU.ActiveCfg = Debug|Any CPU
		{D919C5D3-B12E-4AD8-BF0A-67F8BBB08EDD}.Debug|Any CPU.Build.0 = Debug|Any CPU
		{D919C5D3-B12E-4AD8-BF0A-67F8BBB08EDD}.Debug|x64.ActiveCfg = Debug|Any CPU
		{D919C5D3-B12E-4AD8-BF0A-67F8BBB08EDD}.Debug|x64.Build.0 = Debug|Any CPU
		{D919C5D3-B12E-4AD8-BF0A-67F8BBB08EDD}.Debug|x86.ActiveCfg = Debug|Any CPU
		{D919C5D3-B12E-4AD8-BF0A-67F8BBB08EDD}.Debug|x86.Build.0 = Debug|Any CPU
		{D919C5D3-B12E-4AD8-BF0A-67F8BBB08EDD}.Release|Any CPU.ActiveCfg = Release|Any CPU
		{D919C5D3-B12E-4AD8-BF0A-67F8BBB08EDD}.Release|Any CPU.Build.0 = Release|Any CPU
		{D919C5D3-B12E-4AD8-BF0A-67F8BBB08EDD}.Release|x64.ActiveCfg = Release|Any CPU
		{D919C5D3-B12E-4AD8-BF0A-67F8BBB08EDD}.Release|x64.Build.0 = Release|Any CPU
		{D919C5D3-B12E-4AD8-BF0A-67F8BBB08EDD}.Release|x86.ActiveCfg = Release|Any CPU
		{D919C5D3-B12E-4AD8-BF0A-67F8BBB08EDD}.Release|x86.Build.0 = Release|Any CPU
		{8F53DB28-2D1E-4488-B49A-C6D61B9EE264}.Debug|Any CPU.ActiveCfg = Debug|Any CPU
		{8F53DB28-2D1E-4488-B49A-C6D61B9EE264}.Debug|Any CPU.Build.0 = Debug|Any CPU
		{8F53DB28-2D1E-4488-B49A-C6D61B9EE264}.Debug|x64.ActiveCfg = Debug|Any CPU
		{8F53DB28-2D1E-4488-B49A-C6D61B9EE264}.Debug|x64.Build.0 = Debug|Any CPU
		{8F53DB28-2D1E-4488-B49A-C6D61B9EE264}.Debug|x86.ActiveCfg = Debug|Any CPU
		{8F53DB28-2D1E-4488-B49A-C6D61B9EE264}.Debug|x86.Build.0 = Debug|Any CPU
		{8F53DB28-2D1E-4488-B49A-C6D61B9EE264}.Release|Any CPU.ActiveCfg = Release|Any CPU
		{8F53DB28-2D1E-4488-B49A-C6D61B9EE264}.Release|Any CPU.Build.0 = Release|Any CPU
		{8F53DB28-2D1E-4488-B49A-C6D61B9EE264}.Release|x64.ActiveCfg = Release|Any CPU
		{8F53DB28-2D1E-4488-B49A-C6D61B9EE264}.Release|x64.Build.0 = Release|Any CPU
		{8F53DB28-2D1E-4488-B49A-C6D61B9EE264}.Release|x86.ActiveCfg = Release|Any CPU
		{8F53DB28-2D1E-4488-B49A-C6D61B9EE264}.Release|x86.Build.0 = Release|Any CPU
		{B4291012-ABFB-4314-898C-9C912FD2376D}.Debug|Any CPU.ActiveCfg = Debug|Any CPU
		{B4291012-ABFB-4314-898C-9C912FD2376D}.Debug|Any CPU.Build.0 = Debug|Any CPU
		{B4291012-ABFB-4314-898C-9C912FD2376D}.Debug|x64.ActiveCfg = Debug|Any CPU
		{B4291012-ABFB-4314-898C-9C912FD2376D}.Debug|x64.Build.0 = Debug|Any CPU
		{B4291012-ABFB-4314-898C-9C912FD2376D}.Debug|x86.ActiveCfg = Debug|Any CPU
		{B4291012-ABFB-4314-898C-9C912FD2376D}.Debug|x86.Build.0 = Debug|Any CPU
		{B4291012-ABFB-4314-898C-9C912FD2376D}.Release|Any CPU.ActiveCfg = Release|Any CPU
		{B4291012-ABFB-4314-898C-9C912FD2376D}.Release|Any CPU.Build.0 = Release|Any CPU
		{B4291012-ABFB-4314-898C-9C912FD2376D}.Release|x64.ActiveCfg = Release|Any CPU
		{B4291012-ABFB-4314-898C-9C912FD2376D}.Release|x64.Build.0 = Release|Any CPU
		{B4291012-ABFB-4314-898C-9C912FD2376D}.Release|x86.ActiveCfg = Release|Any CPU
		{B4291012-ABFB-4314-898C-9C912FD2376D}.Release|x86.Build.0 = Release|Any CPU
		{05DEB1F6-4483-4772-B626-95C13C093C98}.Debug|Any CPU.ActiveCfg = Debug|Any CPU
		{05DEB1F6-4483-4772-B626-95C13C093C98}.Debug|Any CPU.Build.0 = Debug|Any CPU
		{05DEB1F6-4483-4772-B626-95C13C093C98}.Debug|x64.ActiveCfg = Debug|Any CPU
		{05DEB1F6-4483-4772-B626-95C13C093C98}.Debug|x64.Build.0 = Debug|Any CPU
		{05DEB1F6-4483-4772-B626-95C13C093C98}.Debug|x86.ActiveCfg = Debug|Any CPU
		{05DEB1F6-4483-4772-B626-95C13C093C98}.Debug|x86.Build.0 = Debug|Any CPU
		{05DEB1F6-4483-4772-B626-95C13C093C98}.Release|Any CPU.ActiveCfg = Release|Any CPU
		{05DEB1F6-4483-4772-B626-95C13C093C98}.Release|Any CPU.Build.0 = Release|Any CPU
		{05DEB1F6-4483-4772-B626-95C13C093C98}.Release|x64.ActiveCfg = Release|Any CPU
		{05DEB1F6-4483-4772-B626-95C13C093C98}.Release|x64.Build.0 = Release|Any CPU
		{05DEB1F6-4483-4772-B626-95C13C093C98}.Release|x86.ActiveCfg = Release|Any CPU
		{05DEB1F6-4483-4772-B626-95C13C093C98}.Release|x86.Build.0 = Release|Any CPU
		{0BE99C33-6300-47B4-8D54-F779C005C238}.Debug|Any CPU.ActiveCfg = Debug|Any CPU
		{0BE99C33-6300-47B4-8D54-F779C005C238}.Debug|Any CPU.Build.0 = Debug|Any CPU
		{0BE99C33-6300-47B4-8D54-F779C005C238}.Debug|x64.ActiveCfg = Debug|Any CPU
		{0BE99C33-6300-47B4-8D54-F779C005C238}.Debug|x64.Build.0 = Debug|Any CPU
		{0BE99C33-6300-47B4-8D54-F779C005C238}.Debug|x86.ActiveCfg = Debug|Any CPU
		{0BE99C33-6300-47B4-8D54-F779C005C238}.Debug|x86.Build.0 = Debug|Any CPU
		{0BE99C33-6300-47B4-8D54-F779C005C238}.Release|Any CPU.ActiveCfg = Release|Any CPU
		{0BE99C33-6300-47B4-8D54-F779C005C238}.Release|Any CPU.Build.0 = Release|Any CPU
		{0BE99C33-6300-47B4-8D54-F779C005C238}.Release|x64.ActiveCfg = Release|Any CPU
		{0BE99C33-6300-47B4-8D54-F779C005C238}.Release|x64.Build.0 = Release|Any CPU
		{0BE99C33-6300-47B4-8D54-F779C005C238}.Release|x86.ActiveCfg = Release|Any CPU
		{0BE99C33-6300-47B4-8D54-F779C005C238}.Release|x86.Build.0 = Release|Any CPU
		{CDB1DC3D-6D2D-4D2C-B933-CDA286C75673}.Debug|Any CPU.ActiveCfg = Debug|Any CPU
		{CDB1DC3D-6D2D-4D2C-B933-CDA286C75673}.Debug|Any CPU.Build.0 = Debug|Any CPU
		{CDB1DC3D-6D2D-4D2C-B933-CDA286C75673}.Debug|x64.ActiveCfg = Debug|Any CPU
		{CDB1DC3D-6D2D-4D2C-B933-CDA286C75673}.Debug|x64.Build.0 = Debug|Any CPU
		{CDB1DC3D-6D2D-4D2C-B933-CDA286C75673}.Debug|x86.ActiveCfg = Debug|Any CPU
		{CDB1DC3D-6D2D-4D2C-B933-CDA286C75673}.Debug|x86.Build.0 = Debug|Any CPU
		{CDB1DC3D-6D2D-4D2C-B933-CDA286C75673}.Release|Any CPU.ActiveCfg = Release|Any CPU
		{CDB1DC3D-6D2D-4D2C-B933-CDA286C75673}.Release|Any CPU.Build.0 = Release|Any CPU
		{CDB1DC3D-6D2D-4D2C-B933-CDA286C75673}.Release|x64.ActiveCfg = Release|Any CPU
		{CDB1DC3D-6D2D-4D2C-B933-CDA286C75673}.Release|x64.Build.0 = Release|Any CPU
		{CDB1DC3D-6D2D-4D2C-B933-CDA286C75673}.Release|x86.ActiveCfg = Release|Any CPU
		{CDB1DC3D-6D2D-4D2C-B933-CDA286C75673}.Release|x86.Build.0 = Release|Any CPU
		{3D21EDF0-F584-46CD-8A38-6D90AC9B8553}.Debug|Any CPU.ActiveCfg = Debug|Any CPU
		{3D21EDF0-F584-46CD-8A38-6D90AC9B8553}.Debug|Any CPU.Build.0 = Debug|Any CPU
		{3D21EDF0-F584-46CD-8A38-6D90AC9B8553}.Debug|x64.ActiveCfg = Debug|Any CPU
		{3D21EDF0-F584-46CD-8A38-6D90AC9B8553}.Debug|x64.Build.0 = Debug|Any CPU
		{3D21EDF0-F584-46CD-8A38-6D90AC9B8553}.Debug|x86.ActiveCfg = Debug|Any CPU
		{3D21EDF0-F584-46CD-8A38-6D90AC9B8553}.Debug|x86.Build.0 = Debug|Any CPU
		{3D21EDF0-F584-46CD-8A38-6D90AC9B8553}.Release|Any CPU.ActiveCfg = Release|Any CPU
		{3D21EDF0-F584-46CD-8A38-6D90AC9B8553}.Release|Any CPU.Build.0 = Release|Any CPU
		{3D21EDF0-F584-46CD-8A38-6D90AC9B8553}.Release|x64.ActiveCfg = Release|Any CPU
		{3D21EDF0-F584-46CD-8A38-6D90AC9B8553}.Release|x64.Build.0 = Release|Any CPU
		{3D21EDF0-F584-46CD-8A38-6D90AC9B8553}.Release|x86.ActiveCfg = Release|Any CPU
		{3D21EDF0-F584-46CD-8A38-6D90AC9B8553}.Release|x86.Build.0 = Release|Any CPU
	EndGlobalSection
	GlobalSection(SolutionProperties) = preSolution
		HideSolutionNode = FALSE
	EndGlobalSection
	GlobalSection(ExtensibilityGlobals) = postSolution
		SolutionGuid = {4790F4D6-7D0B-4CB5-B138-C7B1F1D37843}
	EndGlobalSection
EndGlobal
